
Microsoft Visual Studio Solution File, Format Version 12.00
# Visual Studio 2012
Project("{FAE04EC0-301F-11D3-BF4B-00C04F79EFBC}") = "SimpleChat", "SimpleChat\SimpleChat.csproj", "{DDE4B000-C2CE-49D5-AFE8-85849CB77DD3}"
EndProject
Global
	GlobalSection(SolutionConfigurationPlatforms) = preSolution
		Debug|Any CPU = Debug|Any CPU
		Release|Any CPU = Release|Any CPU
	EndGlobalSection
	GlobalSection(ProjectConfigurationPlatforms) = postSolution
		{DDE4B000-C2CE-49D5-AFE8-85849CB77DD3}.Debug|Any CPU.ActiveCfg = Debug|Any CPU
		{DDE4B000-C2CE-49D5-AFE8-85849CB77DD3}.Debug|Any CPU.Build.0 = Debug|Any CPU
		{DDE4B000-C2CE-49D5-AFE8-85849CB77DD3}.Release|Any CPU.ActiveCfg = Release|Any CPU
		{DDE4B000-C2CE-49D5-AFE8-85849CB77DD3}.Release|Any CPU.Build.0 = Release|Any CPU
	EndGlobalSection
	GlobalSection(SolutionProperties) = preSolution
		HideSolutionNode = FALSE
	EndGlobalSection
EndGlobal
